
Microsoft Visual Studio Solution File, Format Version 12.00
# Visual Studio 15
VisualStudioVersion = 15.0.28010.2050
MinimumVisualStudioVersion = 10.0.40219.1
Project("{FAE04EC0-301F-11D3-BF4B-00C04F79EFBC}") = "Prova.Android", "Prova\Prova.Android\Prova.Android.csproj", "{C20755D8-81FD-495B-ABEE-30F0C463C683}"
EndProject
Project("{FAE04EC0-301F-11D3-BF4B-00C04F79EFBC}") = "Prova.iOS", "Prova\Prova.iOS\Prova.iOS.csproj", "{D3D87AB0-F185-459E-9BEE-025B5BF1EC10}"
EndProject
Project("{FAE04EC0-301F-11D3-BF4B-00C04F79EFBC}") = "Prova", "Prova\Prova\Prova.csproj", "{35F2A369-D498-48D3-A2AA-3766363B849F}"
EndProject
Global
	GlobalSection(SolutionConfigurationPlatforms) = preSolution
		Ad-Hoc|Any CPU = Ad-Hoc|Any CPU
		Ad-Hoc|iPhone = Ad-Hoc|iPhone
		Ad-Hoc|iPhoneSimulator = Ad-Hoc|iPhoneSimulator
		AppStore|Any CPU = AppStore|Any CPU
		AppStore|iPhone = AppStore|iPhone
		AppStore|iPhoneSimulator = AppStore|iPhoneSimulator
		Debug|Any CPU = Debug|Any CPU
		Debug|iPhone = Debug|iPhone
		Debug|iPhoneSimulator = Debug|iPhoneSimulator
		Release|Any CPU = Release|Any CPU
		Release|iPhone = Release|iPhone
		Release|iPhoneSimulator = Release|iPhoneSimulator
	EndGlobalSection
	GlobalSection(ProjectConfigurationPlatforms) = postSolution
		{C20755D8-81FD-495B-ABEE-30F0C463C683}.Ad-Hoc|Any CPU.ActiveCfg = Release|Any CPU
		{C20755D8-81FD-495B-ABEE-30F0C463C683}.Ad-Hoc|Any CPU.Build.0 = Release|Any CPU
		{C20755D8-81FD-495B-ABEE-30F0C463C683}.Ad-Hoc|Any CPU.Deploy.0 = Release|Any CPU
		{C20755D8-81FD-495B-ABEE-30F0C463C683}.Ad-Hoc|iPhone.ActiveCfg = Release|Any CPU
		{C20755D8-81FD-495B-ABEE-30F0C463C683}.Ad-Hoc|iPhone.Build.0 = Release|Any CPU
		{C20755D8-81FD-495B-ABEE-30F0C463C683}.Ad-Hoc|iPhone.Deploy.0 = Release|Any CPU
		{C20755D8-81FD-495B-ABEE-30F0C463C683}.Ad-Hoc|iPhoneSimulator.ActiveCfg = Release|Any CPU
		{C20755D8-81FD-495B-ABEE-30F0C463C683}.Ad-Hoc|iPhoneSimulator.Build.0 = Release|Any CPU
		{C20755D8-81FD-495B-ABEE-30F0C463C683}.Ad-Hoc|iPhoneSimulator.Deploy.0 = Release|Any CPU
		{C20755D8-81FD-495B-ABEE-30F0C463C683}.AppStore|Any CPU.ActiveCfg = Release|Any CPU
		{C20755D8-81FD-495B-ABEE-30F0C463C683}.AppStore|Any CPU.Build.0 = Release|Any CPU
		{C20755D8-81FD-495B-ABEE-30F0C463C683}.AppStore|Any CPU.Deploy.0 = Release|Any CPU
		{C20755D8-81FD-495B-ABEE-30F0C463C683}.AppStore|iPhone.ActiveCfg = Release|Any CPU
		{C20755D8-81FD-495B-ABEE-30F0C463C683}.AppStore|iPhone.Build.0 = Release|Any CPU
		{C20755D8-81FD-495B-ABEE-30F0C463C683}.AppStore|iPhone.Deploy.0 = Release|Any CPU
		{C20755D8-81FD-495B-ABEE-30F0C463C683}.AppStore|iPhoneSimulator.ActiveCfg = Release|Any CPU
		{C20755D8-81FD-495B-ABEE-30F0C463C683}.AppStore|iPhoneSimulator.Build.0 = Release|Any CPU
		{C20755D8-81FD-495B-ABEE-30F0C463C683}.AppStore|iPhoneSimulator.Deploy.0 = Release|Any CPU
		{C20755D8-81FD-495B-ABEE-30F0C463C683}.Debug|Any CPU.ActiveCfg = Debug|Any CPU
		{C20755D8-81FD-495B-ABEE-30F0C463C683}.Debug|Any CPU.Build.0 = Debug|Any CPU
		{C20755D8-81FD-495B-ABEE-30F0C463C683}.Debug|Any CPU.Deploy.0 = Debug|Any CPU
		{C20755D8-81FD-495B-ABEE-30F0C463C683}.Debug|iPhone.ActiveCfg = Debug|Any CPU
		{C20755D8-81FD-495B-ABEE-30F0C463C683}.Debug|iPhone.Build.0 = Debug|Any CPU
		{C20755D8-81FD-495B-ABEE-30F0C463C683}.Debug|iPhone.Deploy.0 = Debug|Any CPU
		{C20755D8-81FD-495B-ABEE-30F0C463C683}.Debug|iPhoneSimulator.ActiveCfg = Debug|Any CPU
		{C20755D8-81FD-495B-ABEE-30F0C463C683}.Debug|iPhoneSimulator.Build.0 = Debug|Any CPU
		{C20755D8-81FD-495B-ABEE-30F0C463C683}.Debug|iPhoneSimulator.Deploy.0 = Debug|Any CPU
		{C20755D8-81FD-495B-ABEE-30F0C463C683}.Release|Any CPU.ActiveCfg = Release|Any CPU
		{C20755D8-81FD-495B-ABEE-30F0C463C683}.Release|Any CPU.Build.0 = Release|Any CPU
		{C20755D8-81FD-495B-ABEE-30F0C463C683}.Release|Any CPU.Deploy.0 = Release|Any CPU
		{C20755D8-81FD-495B-ABEE-30F0C463C683}.Release|iPhone.ActiveCfg = Release|Any CPU
		{C20755D8-81FD-495B-ABEE-30F0C463C683}.Release|iPhone.Build.0 = Release|Any CPU
		{C20755D8-81FD-495B-ABEE-30F0C463C683}.Release|iPhone.Deploy.0 = Release|Any CPU
		{C20755D8-81FD-495B-ABEE-30F0C463C683}.Release|iPhoneSimulator.ActiveCfg = Release|Any CPU
		{C20755D8-81FD-495B-ABEE-30F0C463C683}.Release|iPhoneSimulator.Build.0 = Release|Any CPU
		{C20755D8-81FD-495B-ABEE-30F0C463C683}.Release|iPhoneSimulator.Deploy.0 = Release|Any CPU
		{D3D87AB0-F185-459E-9BEE-025B5BF1EC10}.Ad-Hoc|Any CPU.ActiveCfg = Ad-Hoc|iPhone
		{D3D87AB0-F185-459E-9BEE-025B5BF1EC10}.Ad-Hoc|Any CPU.Build.0 = Ad-Hoc|iPhone
		{D3D87AB0-F185-459E-9BEE-025B5BF1EC10}.Ad-Hoc|Any CPU.Deploy.0 = Ad-Hoc|iPhone
		{D3D87AB0-F185-459E-9BEE-025B5BF1EC10}.Ad-Hoc|iPhone.ActiveCfg = Ad-Hoc|iPhone
		{D3D87AB0-F185-459E-9BEE-025B5BF1EC10}.Ad-Hoc|iPhone.Build.0 = Ad-Hoc|iPhone
		{D3D87AB0-F185-459E-9BEE-025B5BF1EC10}.Ad-Hoc|iPhone.Deploy.0 = Ad-Hoc|iPhone
		{D3D87AB0-F185-459E-9BEE-025B5BF1EC10}.Ad-Hoc|iPhoneSimulator.ActiveCfg = Ad-Hoc|iPhoneSimulator
		{D3D87AB0-F185-459E-9BEE-025B5BF1EC10}.Ad-Hoc|iPhoneSimulator.Build.0 = Ad-Hoc|iPhoneSimulator
		{D3D87AB0-F185-459E-9BEE-025B5BF1EC10}.Ad-Hoc|iPhoneSimulator.Deploy.0 = Ad-Hoc|iPhoneSimulator
		{D3D87AB0-F185-459E-9BEE-025B5BF1EC10}.AppStore|Any CPU.ActiveCfg = AppStore|iPhone
		{D3D87AB0-F185-459E-9BEE-025B5BF1EC10}.AppStore|Any CPU.Build.0 = AppStore|iPhone
		{D3D87AB0-F185-459E-9BEE-025B5BF1EC10}.AppStore|Any CPU.Deploy.0 = AppStore|iPhone
		{D3D87AB0-F185-459E-9BEE-025B5BF1EC10}.AppStore|iPhone.ActiveCfg = AppStore|iPhone
		{D3D87AB0-F185-459E-9BEE-025B5BF1EC10}.AppStore|iPhone.Build.0 = AppStore|iPhone
		{D3D87AB0-F185-459E-9BEE-025B5BF1EC10}.AppStore|iPhone.Deploy.0 = AppStore|iPhone
		{D3D87AB0-F185-459E-9BEE-025B5BF1EC10}.AppStore|iPhoneSimulator.ActiveCfg = AppStore|iPhoneSimulator
		{D3D87AB0-F185-459E-9BEE-025B5BF1EC10}.AppStore|iPhoneSimulator.Build.0 = AppStore|iPhoneSimulator
		{D3D87AB0-F185-459E-9BEE-025B5BF1EC10}.AppStore|iPhoneSimulator.Deploy.0 = AppStore|iPhoneSimulator
		{D3D87AB0-F185-459E-9BEE-025B5BF1EC10}.Debug|Any CPU.ActiveCfg = Debug|iPhoneSimulator
		{D3D87AB0-F185-459E-9BEE-025B5BF1EC10}.Debug|Any CPU.Build.0 = Debug|iPhoneSimulator
		{D3D87AB0-F185-459E-9BEE-025B5BF1EC10}.Debug|Any CPU.Deploy.0 = Debug|iPhoneSimulator
		{D3D87AB0-F185-459E-9BEE-025B5BF1EC10}.Debug|iPhone.ActiveCfg = Debug|iPhone
		{D3D87AB0-F185-459E-9BEE-025B5BF1EC10}.Debug|iPhone.Build.0 = Debug|iPhone
		{D3D87AB0-F185-459E-9BEE-025B5BF1EC10}.Debug|iPhone.Deploy.0 = Debug|iPhone
		{D3D87AB0-F185-459E-9BEE-025B5BF1EC10}.Debug|iPhoneSimulator.ActiveCfg = Debug|iPhoneSimulator
		{D3D87AB0-F185-459E-9BEE-025B5BF1EC10}.Debug|iPhoneSimulator.Build.0 = Debug|iPhoneSimulator
		{D3D87AB0-F185-459E-9BEE-025B5BF1EC10}.Debug|iPhoneSimulator.Deploy.0 = Debug|iPhoneSimulator
		{D3D87AB0-F185-459E-9BEE-025B5BF1EC10}.Release|Any CPU.ActiveCfg = Release|iPhone
		{D3D87AB0-F185-459E-9BEE-025B5BF1EC10}.Release|Any CPU.Build.0 = Release|iPhone
		{D3D87AB0-F185-459E-9BEE-025B5BF1EC10}.Release|Any CPU.Deploy.0 = Release|iPhone
		{D3D87AB0-F185-459E-9BEE-025B5BF1EC10}.Release|iPhone.ActiveCfg = Release|iPhone
		{D3D87AB0-F185-459E-9BEE-025B5BF1EC10}.Release|iPhone.Build.0 = Release|iPhone
		{D3D87AB0-F185-459E-9BEE-025B5BF1EC10}.Release|iPhone.Deploy.0 = Release|iPhone
		{D3D87AB0-F185-459E-9BEE-025B5BF1EC10}.Release|iPhoneSimulator.ActiveCfg = Release|iPhoneSimulator
		{D3D87AB0-F185-459E-9BEE-025B5BF1EC10}.Release|iPhoneSimulator.Build.0 = Release|iPhoneSimulator
		{D3D87AB0-F185-459E-9BEE-025B5BF1EC10}.Release|iPhoneSimulator.Deploy.0 = Release|iPhoneSimulator
		{35F2A369-D498-48D3-A2AA-3766363B849F}.Ad-Hoc|Any CPU.ActiveCfg = Debug|Any CPU
		{35F2A369-D498-48D3-A2AA-3766363B849F}.Ad-Hoc|Any CPU.Build.0 = Debug|Any CPU
		{35F2A369-D498-48D3-A2AA-3766363B849F}.Ad-Hoc|Any CPU.Deploy.0 = Debug|Any CPU
		{35F2A369-D498-48D3-A2AA-3766363B849F}.Ad-Hoc|iPhone.ActiveCfg = Debug|Any CPU
		{35F2A369-D498-48D3-A2AA-3766363B849F}.Ad-Hoc|iPhone.Build.0 = Debug|Any CPU
		{35F2A369-D498-48D3-A2AA-3766363B849F}.Ad-Hoc|iPhone.Deploy.0 = Debug|Any CPU
		{35F2A369-D498-48D3-A2AA-3766363B849F}.Ad-Hoc|iPhoneSimulator.ActiveCfg = Debug|Any CPU
		{35F2A369-D498-48D3-A2AA-3766363B849F}.Ad-Hoc|iPhoneSimulator.Build.0 = Debug|Any CPU
		{35F2A369-D498-48D3-A2AA-3766363B849F}.Ad-Hoc|iPhoneSimulator.Deploy.0 = Debug|Any CPU
		{35F2A369-D498-48D3-A2AA-3766363B849F}.AppStore|Any CPU.ActiveCfg = Debug|Any CPU
		{35F2A369-D498-48D3-A2AA-3766363B849F}.AppStore|Any CPU.Build.0 = Debug|Any CPU
		{35F2A369-D498-48D3-A2AA-3766363B849F}.AppStore|Any CPU.Deploy.0 = Debug|Any CPU
		{35F2A369-D498-48D3-A2AA-3766363B849F}.AppStore|iPhone.ActiveCfg = Debug|Any CPU
		{35F2A369-D498-48D3-A2AA-3766363B849F}.AppStore|iPhone.Build.0 = Debug|Any CPU
		{35F2A369-D498-48D3-A2AA-3766363B849F}.AppStore|iPhone.Deploy.0 = Debug|Any CPU
		{35F2A369-D498-48D3-A2AA-3766363B849F}.AppStore|iPhoneSimulator.ActiveCfg = Debug|Any CPU
		{35F2A369-D498-48D3-A2AA-3766363B849F}.AppStore|iPhoneSimulator.Build.0 = Debug|Any CPU
		{35F2A369-D498-48D3-A2AA-3766363B849F}.AppStore|iPhoneSimulator.Deploy.0 = Debug|Any CPU
		{35F2A369-D498-48D3-A2AA-3766363B849F}.Debug|Any CPU.ActiveCfg = Debug|Any CPU
		{35F2A369-D498-48D3-A2AA-3766363B849F}.Debug|Any CPU.Build.0 = Debug|Any CPU
		{35F2A369-D498-48D3-A2AA-3766363B849F}.Debug|Any CPU.Deploy.0 = Debug|Any CPU
		{35F2A369-D498-48D3-A2AA-3766363B849F}.Debug|iPhone.ActiveCfg = Debug|Any CPU
		{35F2A369-D498-48D3-A2AA-3766363B849F}.Debug|iPhone.Build.0 = Debug|Any CPU
		{35F2A369-D498-48D3-A2AA-3766363B849F}.Debug|iPhone.Deploy.0 = Debug|Any CPU
		{35F2A369-D498-48D3-A2AA-3766363B849F}.Debug|iPhoneSimulator.ActiveCfg = Debug|Any CPU
		{35F2A369-D498-48D3-A2AA-3766363B849F}.Debug|iPhoneSimulator.Build.0 = Debug|Any CPU
		{35F2A369-D498-48D3-A2AA-3766363B849F}.Debug|iPhoneSimulator.Deploy.0 = Debug|Any CPU
		{35F2A369-D498-48D3-A2AA-3766363B849F}.Release|Any CPU.ActiveCfg = Release|Any CPU
		{35F2A369-D498-48D3-A2AA-3766363B849F}.Release|Any CPU.Build.0 = Release|Any CPU
		{35F2A369-D498-48D3-A2AA-3766363B849F}.Release|Any CPU.Deploy.0 = Release|Any CPU
		{35F2A369-D498-48D3-A2AA-3766363B849F}.Release|iPhone.ActiveCfg = Release|Any CPU
		{35F2A369-D498-48D3-A2AA-3766363B849F}.Release|iPhone.Build.0 = Release|Any CPU
		{35F2A369-D498-48D3-A2AA-3766363B849F}.Release|iPhone.Deploy.0 = Release|Any CPU
		{35F2A369-D498-48D3-A2AA-3766363B849F}.Release|iPhoneSimulator.ActiveCfg = Release|Any CPU
		{35F2A369-D498-48D3-A2AA-3766363B849F}.Release|iPhoneSimulator.Build.0 = Release|Any CPU
		{35F2A369-D498-48D3-A2AA-3766363B849F}.Release|iPhoneSimulator.Deploy.0 = Release|Any CPU
	EndGlobalSection
	GlobalSection(SolutionProperties) = preSolution
		HideSolutionNode = FALSE
	EndGlobalSection
	GlobalSection(ExtensibilityGlobals) = postSolution
		SolutionGuid = {C8A001FC-F75E-48D0-8AC5-8E29EF55AAEA}
	EndGlobalSection
EndGlobal
